
Microsoft Visual Studio Solution File, Format Version 12.00
# Visual Studio 14
VisualStudioVersion = 14.0.23107.0
MinimumVisualStudioVersion = 10.0.40219.1
Project("{2150E333-8FDC-42A3-9474-1A3956D46DE8}") = "Project", "Project", "{0E2A61C4-B70F-431D-A5B1-3D1051E2DA85}"
EndProject
Project("{2150E333-8FDC-42A3-9474-1A3956D46DE8}") = "Properties", "Properties", "{EE77D52D-2179-4449-9DAD-22D39CAA7C20}"
EndProject
Project("{2150E333-8FDC-42A3-9474-1A3956D46DE8}") = "EmaarTechnology", "EmaarTechnology", "{14F38AD0-7C26-48F6-84B5-E21EB935FA89}"
EndProject
Project("{FAE04EC0-301F-11D3-BF4B-00C04F79EFBC}") = "EmaarTechnology-2017", "Project\Properties\EmaarTechnology\EmaarTechnology-2017\EmaarTechnology-2017.csproj", "{45B9DEEE-3E83-414E-8BBD-6F62B8C6760C}"
EndProject
Project("{2150E333-8FDC-42A3-9474-1A3956D46DE8}") = "Feature", "Feature", "{624915F4-5D0E-4FB4-A0CC-EA1CE27D4039}"
EndProject
Project("{2150E333-8FDC-42A3-9474-1A3956D46DE8}") = "Foundation", "Foundation", "{21616CEE-3964-46A6-B059-4A3844C395A8}"
EndProject
Project("{2150E333-8FDC-42A3-9474-1A3956D46DE8}") = "Configuration", "Configuration", "{58861F88-6798-4E95-BD40-384CAAFF034C}"
EndProject
Project("{2150E333-8FDC-42A3-9474-1A3956D46DE8}") = "Malls", "Malls", "{22AA68AB-04EC-44A7-B578-B08D25EA6342}"
EndProject
Project("{2150E333-8FDC-42A3-9474-1A3956D46DE8}") = "Hospitality", "Hospitality", "{C582A4D0-5508-4D1A-A1F8-29D66C037FFC}"
EndProject
Project("{2150E333-8FDC-42A3-9474-1A3956D46DE8}") = "Retail", "Retail", "{25D528D9-364C-4A44-9103-C75401C72C60}"
EndProject
Project("{2150E333-8FDC-42A3-9474-1A3956D46DE8}") = "Common", "Common", "{FCE4A3C3-3593-4582-AE76-27C9CE73F670}"
EndProject
Project("{2150E333-8FDC-42A3-9474-1A3956D46DE8}") = "Carousel", "Carousel", "{ED76E07B-9010-41D1-B109-E0CE430B433B}"
EndProject
Project("{FAE04EC0-301F-11D3-BF4B-00C04F79EFBC}") = "Carousel-2017", "Feature\Carousel\Carousel-2017\Carousel-2017.csproj", "{AF63DFB2-16C1-4985-9DA6-5CD94FA0D82F}"
EndProject
Project("{2150E333-8FDC-42A3-9474-1A3956D46DE8}") = "Navigation", "Navigation", "{F60851A4-3903-47F9-AF72-57C71B7B9934}"
EndProject
Project("{2150E333-8FDC-42A3-9474-1A3956D46DE8}") = "Search", "Search", "{370B017F-A358-463D-A9FE-43D2DE9EA234}"
EndProject
Project("{2150E333-8FDC-42A3-9474-1A3956D46DE8}") = "Security", "Security", "{47ACF4D2-B8AB-4112-9F34-981DC29A7681}"
EndProject
Project("{2150E333-8FDC-42A3-9474-1A3956D46DE8}") = "Sitemap", "Sitemap", "{B685EB4B-729B-48ED-9384-0A40A62A7E50}"
EndProject
Project("{2150E333-8FDC-42A3-9474-1A3956D46DE8}") = "Form", "Form", "{55DFA00B-1FA5-4B67-BC3D-8C58E2790782}"
EndProject
Project("{FAE04EC0-301F-11D3-BF4B-00C04F79EFBC}") = "Form-2017", "Feature\Form\Form-2017\Form-2017.csproj", "{AEB13E72-FB5B-438E-B585-116E5333A7E9}"
EndProject
Project("{FAE04EC0-301F-11D3-BF4B-00C04F79EFBC}") = "Navigation-2017", "Feature\Navigation\Navigation-2017\Navigation-2017.csproj", "{B1F745C9-F546-4523-8328-98756D78E396}"
EndProject
Project("{FAE04EC0-301F-11D3-BF4B-00C04F79EFBC}") = "Search-2017", "Feature\Search\Search-2017\Search-2017.csproj", "{23E15210-C998-49F3-A6CE-62436A9DD355}"
EndProject
Project("{FAE04EC0-301F-11D3-BF4B-00C04F79EFBC}") = "Security-2017", "Feature\Security\Security-2017\Security-2017.csproj", "{8253502C-7996-41D6-9E62-57043B3DB84F}"
EndProject
Project("{FAE04EC0-301F-11D3-BF4B-00C04F79EFBC}") = "Sitemap-2017", "Feature\Sitemap\Sitemap-2017\Sitemap-2017.csproj", "{C89A2A36-B7A9-4E8C-BED2-27966D54B6E4}"
EndProject
Project("{2150E333-8FDC-42A3-9474-1A3956D46DE8}") = "Pier7", "Pier7", "{70730DD0-E0F9-4C2B-A5F3-21F2AE8D4470}"
EndProject
Project("{FAE04EC0-301F-11D3-BF4B-00C04F79EFBC}") = "Emaar.Pier7.Website", "Project\Properties\Pier7\Emaar.Pier7.Website\Emaar.Pier7.Website.csproj", "{1E504B22-FA93-44DF-9A4F-2BFCDCCF3AE5}"
EndProject
Project("{FAE04EC0-301F-11D3-BF4B-00C04F79EFBC}") = "Emaar.GlobalConstants", "Project\Properties\Pier7\Emaar.Pier7.GlbalConstants\Emaar.GlobalConstants.csproj", "{4C078898-C3BE-484A-9B0E-9FA5EA44CC98}"
EndProject
Project("{FAE04EC0-301F-11D3-BF4B-00C04F79EFBC}") = "Emaar.Infrastructure", "Project\Properties\Pier7\Emaar.Pier7.Infrastructure\Emaar.Infrastructure.csproj", "{3DFC694C-BC01-4AB4-80A6-919B85CBA06D}"
EndProject
Project("{FAE04EC0-301F-11D3-BF4B-00C04F79EFBC}") = "Emaar.Data", "Project\Properties\Pier7\Emaar.Pier7.Data\Emaar.Data.csproj", "{B987114A-376B-4B46-82FC-5D92669439C6}"
EndProject
Project("{FAE04EC0-301F-11D3-BF4B-00C04F79EFBC}") = "Emaar.Core", "Project\Properties\Pier7\Emaar.Pier7.Core\Emaar.Core.csproj", "{B864AB50-421A-4C4A-9C9B-E1A209EC4B89}"
EndProject
Project("{FAE04EC0-301F-11D3-BF4B-00C04F79EFBC}") = "Emaar.Models", "Project\Common\Emaar.Models\Emaar.Models.csproj", "{F3371F1B-2D23-4D25-A99B-9EA0717B2FA0}"
EndProject
Global
	GlobalSection(SolutionConfigurationPlatforms) = preSolution
		Debug|Any CPU = Debug|Any CPU
		Release|Any CPU = Release|Any CPU
	EndGlobalSection
	GlobalSection(ProjectConfigurationPlatforms) = postSolution
		{45B9DEEE-3E83-414E-8BBD-6F62B8C6760C}.Debug|Any CPU.ActiveCfg = Debug|Any CPU
		{45B9DEEE-3E83-414E-8BBD-6F62B8C6760C}.Debug|Any CPU.Build.0 = Debug|Any CPU
		{45B9DEEE-3E83-414E-8BBD-6F62B8C6760C}.Release|Any CPU.ActiveCfg = Release|Any CPU
		{45B9DEEE-3E83-414E-8BBD-6F62B8C6760C}.Release|Any CPU.Build.0 = Release|Any CPU
		{AF63DFB2-16C1-4985-9DA6-5CD94FA0D82F}.Debug|Any CPU.ActiveCfg = Debug|Any CPU
		{AF63DFB2-16C1-4985-9DA6-5CD94FA0D82F}.Debug|Any CPU.Build.0 = Debug|Any CPU
		{AF63DFB2-16C1-4985-9DA6-5CD94FA0D82F}.Release|Any CPU.ActiveCfg = Release|Any CPU
		{AF63DFB2-16C1-4985-9DA6-5CD94FA0D82F}.Release|Any CPU.Build.0 = Release|Any CPU
		{AEB13E72-FB5B-438E-B585-116E5333A7E9}.Debug|Any CPU.ActiveCfg = Debug|Any CPU
		{AEB13E72-FB5B-438E-B585-116E5333A7E9}.Debug|Any CPU.Build.0 = Debug|Any CPU
		{AEB13E72-FB5B-438E-B585-116E5333A7E9}.Release|Any CPU.ActiveCfg = Release|Any CPU
		{AEB13E72-FB5B-438E-B585-116E5333A7E9}.Release|Any CPU.Build.0 = Release|Any CPU
		{B1F745C9-F546-4523-8328-98756D78E396}.Debug|Any CPU.ActiveCfg = Debug|Any CPU
		{B1F745C9-F546-4523-8328-98756D78E396}.Debug|Any CPU.Build.0 = Debug|Any CPU
		{B1F745C9-F546-4523-8328-98756D78E396}.Release|Any CPU.ActiveCfg = Release|Any CPU
		{B1F745C9-F546-4523-8328-98756D78E396}.Release|Any CPU.Build.0 = Release|Any CPU
		{23E15210-C998-49F3-A6CE-62436A9DD355}.Debug|Any CPU.ActiveCfg = Debug|Any CPU
		{23E15210-C998-49F3-A6CE-62436A9DD355}.Debug|Any CPU.Build.0 = Debug|Any CPU
		{23E15210-C998-49F3-A6CE-62436A9DD355}.Release|Any CPU.ActiveCfg = Release|Any CPU
		{23E15210-C998-49F3-A6CE-62436A9DD355}.Release|Any CPU.Build.0 = Release|Any CPU
		{8253502C-7996-41D6-9E62-57043B3DB84F}.Debug|Any CPU.ActiveCfg = Debug|Any CPU
		{8253502C-7996-41D6-9E62-57043B3DB84F}.Debug|Any CPU.Build.0 = Debug|Any CPU
		{8253502C-7996-41D6-9E62-57043B3DB84F}.Release|Any CPU.ActiveCfg = Release|Any CPU
		{8253502C-7996-41D6-9E62-57043B3DB84F}.Release|Any CPU.Build.0 = Release|Any CPU
		{C89A2A36-B7A9-4E8C-BED2-27966D54B6E4}.Debug|Any CPU.ActiveCfg = Debug|Any CPU
		{C89A2A36-B7A9-4E8C-BED2-27966D54B6E4}.Debug|Any CPU.Build.0 = Debug|Any CPU
		{C89A2A36-B7A9-4E8C-BED2-27966D54B6E4}.Release|Any CPU.ActiveCfg = Release|Any CPU
		{C89A2A36-B7A9-4E8C-BED2-27966D54B6E4}.Release|Any CPU.Build.0 = Release|Any CPU
		{1E504B22-FA93-44DF-9A4F-2BFCDCCF3AE5}.Debug|Any CPU.ActiveCfg = Debug|Any CPU
		{1E504B22-FA93-44DF-9A4F-2BFCDCCF3AE5}.Debug|Any CPU.Build.0 = Debug|Any CPU
		{1E504B22-FA93-44DF-9A4F-2BFCDCCF3AE5}.Release|Any CPU.ActiveCfg = Release|Any CPU
		{1E504B22-FA93-44DF-9A4F-2BFCDCCF3AE5}.Release|Any CPU.Build.0 = Release|Any CPU
		{4C078898-C3BE-484A-9B0E-9FA5EA44CC98}.Debug|Any CPU.ActiveCfg = Debug|Any CPU
		{4C078898-C3BE-484A-9B0E-9FA5EA44CC98}.Debug|Any CPU.Build.0 = Debug|Any CPU
		{4C078898-C3BE-484A-9B0E-9FA5EA44CC98}.Release|Any CPU.ActiveCfg = Release|Any CPU
		{4C078898-C3BE-484A-9B0E-9FA5EA44CC98}.Release|Any CPU.Build.0 = Release|Any CPU
		{3DFC694C-BC01-4AB4-80A6-919B85CBA06D}.Debug|Any CPU.ActiveCfg = Debug|Any CPU
		{3DFC694C-BC01-4AB4-80A6-919B85CBA06D}.Debug|Any CPU.Build.0 = Debug|Any CPU
		{3DFC694C-BC01-4AB4-80A6-919B85CBA06D}.Release|Any CPU.ActiveCfg = Release|Any CPU
		{3DFC694C-BC01-4AB4-80A6-919B85CBA06D}.Release|Any CPU.Build.0 = Release|Any CPU
		{B987114A-376B-4B46-82FC-5D92669439C6}.Debug|Any CPU.ActiveCfg = Debug|Any CPU
		{B987114A-376B-4B46-82FC-5D92669439C6}.Debug|Any CPU.Build.0 = Debug|Any CPU
		{B987114A-376B-4B46-82FC-5D92669439C6}.Release|Any CPU.ActiveCfg = Release|Any CPU
		{B987114A-376B-4B46-82FC-5D92669439C6}.Release|Any CPU.Build.0 = Release|Any CPU
		{B864AB50-421A-4C4A-9C9B-E1A209EC4B89}.Debug|Any CPU.ActiveCfg = Debug|Any CPU
		{B864AB50-421A-4C4A-9C9B-E1A209EC4B89}.Debug|Any CPU.Build.0 = Debug|Any CPU
		{B864AB50-421A-4C4A-9C9B-E1A209EC4B89}.Release|Any CPU.ActiveCfg = Release|Any CPU
		{B864AB50-421A-4C4A-9C9B-E1A209EC4B89}.Release|Any CPU.Build.0 = Release|Any CPU
		{F3371F1B-2D23-4D25-A99B-9EA0717B2FA0}.Debug|Any CPU.ActiveCfg = Debug|Any CPU
		{F3371F1B-2D23-4D25-A99B-9EA0717B2FA0}.Debug|Any CPU.Build.0 = Debug|Any CPU
		{F3371F1B-2D23-4D25-A99B-9EA0717B2FA0}.Release|Any CPU.ActiveCfg = Release|Any CPU
		{F3371F1B-2D23-4D25-A99B-9EA0717B2FA0}.Release|Any CPU.Build.0 = Release|Any CPU
	EndGlobalSection
	GlobalSection(SolutionProperties) = preSolution
		HideSolutionNode = FALSE
	EndGlobalSection
	GlobalSection(NestedProjects) = preSolution
		{EE77D52D-2179-4449-9DAD-22D39CAA7C20} = {0E2A61C4-B70F-431D-A5B1-3D1051E2DA85}
		{14F38AD0-7C26-48F6-84B5-E21EB935FA89} = {EE77D52D-2179-4449-9DAD-22D39CAA7C20}
		{45B9DEEE-3E83-414E-8BBD-6F62B8C6760C} = {14F38AD0-7C26-48F6-84B5-E21EB935FA89}
		{22AA68AB-04EC-44A7-B578-B08D25EA6342} = {0E2A61C4-B70F-431D-A5B1-3D1051E2DA85}
		{C582A4D0-5508-4D1A-A1F8-29D66C037FFC} = {0E2A61C4-B70F-431D-A5B1-3D1051E2DA85}
		{25D528D9-364C-4A44-9103-C75401C72C60} = {0E2A61C4-B70F-431D-A5B1-3D1051E2DA85}
		{FCE4A3C3-3593-4582-AE76-27C9CE73F670} = {0E2A61C4-B70F-431D-A5B1-3D1051E2DA85}
		{ED76E07B-9010-41D1-B109-E0CE430B433B} = {624915F4-5D0E-4FB4-A0CC-EA1CE27D4039}
		{AF63DFB2-16C1-4985-9DA6-5CD94FA0D82F} = {ED76E07B-9010-41D1-B109-E0CE430B433B}
		{F60851A4-3903-47F9-AF72-57C71B7B9934} = {624915F4-5D0E-4FB4-A0CC-EA1CE27D4039}
		{370B017F-A358-463D-A9FE-43D2DE9EA234} = {624915F4-5D0E-4FB4-A0CC-EA1CE27D4039}
		{47ACF4D2-B8AB-4112-9F34-981DC29A7681} = {624915F4-5D0E-4FB4-A0CC-EA1CE27D4039}
		{B685EB4B-729B-48ED-9384-0A40A62A7E50} = {624915F4-5D0E-4FB4-A0CC-EA1CE27D4039}
		{55DFA00B-1FA5-4B67-BC3D-8C58E2790782} = {624915F4-5D0E-4FB4-A0CC-EA1CE27D4039}
		{AEB13E72-FB5B-438E-B585-116E5333A7E9} = {55DFA00B-1FA5-4B67-BC3D-8C58E2790782}
		{B1F745C9-F546-4523-8328-98756D78E396} = {F60851A4-3903-47F9-AF72-57C71B7B9934}
		{23E15210-C998-49F3-A6CE-62436A9DD355} = {370B017F-A358-463D-A9FE-43D2DE9EA234}
		{8253502C-7996-41D6-9E62-57043B3DB84F} = {47ACF4D2-B8AB-4112-9F34-981DC29A7681}
		{C89A2A36-B7A9-4E8C-BED2-27966D54B6E4} = {B685EB4B-729B-48ED-9384-0A40A62A7E50}
		{70730DD0-E0F9-4C2B-A5F3-21F2AE8D4470} = {EE77D52D-2179-4449-9DAD-22D39CAA7C20}
		{1E504B22-FA93-44DF-9A4F-2BFCDCCF3AE5} = {70730DD0-E0F9-4C2B-A5F3-21F2AE8D4470}
		{4C078898-C3BE-484A-9B0E-9FA5EA44CC98} = {FCE4A3C3-3593-4582-AE76-27C9CE73F670}
		{3DFC694C-BC01-4AB4-80A6-919B85CBA06D} = {FCE4A3C3-3593-4582-AE76-27C9CE73F670}
		{B987114A-376B-4B46-82FC-5D92669439C6} = {FCE4A3C3-3593-4582-AE76-27C9CE73F670}
		{B864AB50-421A-4C4A-9C9B-E1A209EC4B89} = {FCE4A3C3-3593-4582-AE76-27C9CE73F670}
		{F3371F1B-2D23-4D25-A99B-9EA0717B2FA0} = {FCE4A3C3-3593-4582-AE76-27C9CE73F670}
	EndGlobalSection
EndGlobal
